// !$*UTF8*$!
{
	archiveVersion = 1;
	classes = {
	};
	objectVersion = 56;
	objects = {

/* Begin PBXBuildFile section */
		6520A6E32BB50A68004C1DE7 /* DesignPatternsApp.swift in Sources */ = {isa = PBXBuildFile; fileRef = 6520A6E22BB50A68004C1DE7 /* DesignPatternsApp.swift */; };
		6520A6E52BB50A68004C1DE7 /* ContentView.swift in Sources */ = {isa = PBXBuildFile; fileRef = 6520A6E42BB50A68004C1DE7 /* ContentView.swift */; };
		6520A6E72BB50A6C004C1DE7 /* Assets.xcassets in Resources */ = {isa = PBXBuildFile; fileRef = 6520A6E62BB50A6C004C1DE7 /* Assets.xcassets */; };
		6520A6EA2BB50A6C004C1DE7 /* Preview Assets.xcassets in Resources */ = {isa = PBXBuildFile; fileRef = 6520A6E92BB50A6C004C1DE7 /* Preview Assets.xcassets */; };
		6520A6F12BB52869004C1DE7 /* CommandQueryViewModel.swift in Sources */ = {isa = PBXBuildFile; fileRef = 6520A6F02BB52869004C1DE7 /* CommandQueryViewModel.swift */; };
		6520A6F42BB5A808004C1DE7 /* CommandQueryViolationViewModel.swift in Sources */ = {isa = PBXBuildFile; fileRef = 6520A6F32BB5A808004C1DE7 /* CommandQueryViolationViewModel.swift */; };
		6520A6F62BB5A846004C1DE7 /* ItemDataProvider.swift in Sources */ = {isa = PBXBuildFile; fileRef = 6520A6F52BB5A846004C1DE7 /* ItemDataProvider.swift */; };
		6520A6F82BB5A8F6004C1DE7 /* CommandQueryView.swift in Sources */ = {isa = PBXBuildFile; fileRef = 6520A6F72BB5A8F5004C1DE7 /* CommandQueryView.swift */; };
		6520A6FB2BB65A7F004C1DE7 /* Proxy_MVP.swift in Sources */ = {isa = PBXBuildFile; fileRef = 6520A6FA2BB65A7F004C1DE7 /* Proxy_MVP.swift */; };
		659DB1762BB7E1B700CEE88D /* ProxyTests.swift in Sources */ = {isa = PBXBuildFile; fileRef = 659DB1752BB7E1B700CEE88D /* ProxyTests.swift */; };
		659DB17E2BB8894000CEE88D /* MainQueueDecorator.swift in Sources */ = {isa = PBXBuildFile; fileRef = 659DB17D2BB8894000CEE88D /* MainQueueDecorator.swift */; };
		659DB1802BB89A6B00CEE88D /* DecoratorTests.swift in Sources */ = {isa = PBXBuildFile; fileRef = 659DB17F2BB89A6B00CEE88D /* DecoratorTests.swift */; };
		659DB1822BB8C94400CEE88D /* AnalyticsDecorator.swift in Sources */ = {isa = PBXBuildFile; fileRef = 659DB1812BB8C94300CEE88D /* AnalyticsDecorator.swift */; };
		659DB1842BB8D2AD00CEE88D /* AnalyticsDecoratorTests.swift in Sources */ = {isa = PBXBuildFile; fileRef = 659DB1832BB8D2AD00CEE88D /* AnalyticsDecoratorTests.swift */; };
/* End PBXBuildFile section */

/* Begin PBXContainerItemProxy section */
		659DB1772BB7E1B700CEE88D /* PBXContainerItemProxy */ = {
			isa = PBXContainerItemProxy;
			containerPortal = 6520A6D72BB50A68004C1DE7 /* Project object */;
			proxyType = 1;
			remoteGlobalIDString = 6520A6DE2BB50A68004C1DE7;
			remoteInfo = DesignPatterns;
		};
/* End PBXContainerItemProxy section */

/* Begin PBXFileReference section */
		6520A6DF2BB50A68004C1DE7 /* DesignPatterns.app */ = {isa = PBXFileReference; explicitFileType = wrapper.application; includeInIndex = 0; path = DesignPatterns.app; sourceTree = BUILT_PRODUCTS_DIR; };
		6520A6E22BB50A68004C1DE7 /* DesignPatternsApp.swift */ = {isa = PBXFileReference; lastKnownFileType = sourcecode.swift; path = DesignPatternsApp.swift; sourceTree = "<group>"; };
		6520A6E42BB50A68004C1DE7 /* ContentView.swift */ = {isa = PBXFileReference; lastKnownFileType = sourcecode.swift; path = ContentView.swift; sourceTree = "<group>"; };
		6520A6E62BB50A6C004C1DE7 /* Assets.xcassets */ = {isa = PBXFileReference; lastKnownFileType = folder.assetcatalog; path = Assets.xcassets; sourceTree = "<group>"; };
		6520A6E92BB50A6C004C1DE7 /* Preview Assets.xcassets */ = {isa = PBXFileReference; lastKnownFileType = folder.assetcatalog; path = "Preview Assets.xcassets"; sourceTree = "<group>"; };
		6520A6F02BB52869004C1DE7 /* CommandQueryViewModel.swift */ = {isa = PBXFileReference; lastKnownFileType = sourcecode.swift; path = CommandQueryViewModel.swift; sourceTree = "<group>"; };
		6520A6F32BB5A808004C1DE7 /* CommandQueryViolationViewModel.swift */ = {isa = PBXFileReference; fileEncoding = 4; lastKnownFileType = sourcecode.swift; path = CommandQueryViolationViewModel.swift; sourceTree = "<group>"; };
		6520A6F52BB5A846004C1DE7 /* ItemDataProvider.swift */ = {isa = PBXFileReference; lastKnownFileType = sourcecode.swift; path = ItemDataProvider.swift; sourceTree = "<group>"; };
		6520A6F72BB5A8F5004C1DE7 /* CommandQueryView.swift */ = {isa = PBXFileReference; lastKnownFileType = sourcecode.swift; path = CommandQueryView.swift; sourceTree = "<group>"; };
		6520A6FA2BB65A7F004C1DE7 /* Proxy_MVP.swift */ = {isa = PBXFileReference; lastKnownFileType = sourcecode.swift; path = Proxy_MVP.swift; sourceTree = "<group>"; };
		659DB1732BB7E1B700CEE88D /* DesignPatternsTests.xctest */ = {isa = PBXFileReference; explicitFileType = wrapper.cfbundle; includeInIndex = 0; path = DesignPatternsTests.xctest; sourceTree = BUILT_PRODUCTS_DIR; };
		659DB1752BB7E1B700CEE88D /* ProxyTests.swift */ = {isa = PBXFileReference; lastKnownFileType = sourcecode.swift; path = ProxyTests.swift; sourceTree = "<group>"; };
		659DB17D2BB8894000CEE88D /* MainQueueDecorator.swift */ = {isa = PBXFileReference; lastKnownFileType = sourcecode.swift; path = MainQueueDecorator.swift; sourceTree = "<group>"; };
		659DB17F2BB89A6B00CEE88D /* DecoratorTests.swift */ = {isa = PBXFileReference; fileEncoding = 4; lastKnownFileType = sourcecode.swift; path = DecoratorTests.swift; sourceTree = "<group>"; };
		659DB1812BB8C94300CEE88D /* AnalyticsDecorator.swift */ = {isa = PBXFileReference; lastKnownFileType = sourcecode.swift; path = AnalyticsDecorator.swift; sourceTree = "<group>"; };
		659DB1832BB8D2AD00CEE88D /* AnalyticsDecoratorTests.swift */ = {isa = PBXFileReference; fileEncoding = 4; lastKnownFileType = sourcecode.swift; path = AnalyticsDecoratorTests.swift; sourceTree = "<group>"; };
/* End PBXFileReference section */

/* Begin PBXFrameworksBuildPhase section */
		6520A6DC2BB50A68004C1DE7 /* Frameworks */ = {
			isa = PBXFrameworksBuildPhase;
			buildActionMask = 2147483647;
			files = (
			);
			runOnlyForDeploymentPostprocessing = 0;
		};
		659DB1702BB7E1B700CEE88D /* Frameworks */ = {
			isa = PBXFrameworksBuildPhase;
			buildActionMask = 2147483647;
			files = (
			);
			runOnlyForDeploymentPostprocessing = 0;
		};
/* End PBXFrameworksBuildPhase section */

/* Begin PBXGroup section */
		6520A6D62BB50A68004C1DE7 = {
			isa = PBXGroup;
			children = (
				6520A6E12BB50A68004C1DE7 /* DesignPatterns */,
				659DB1742BB7E1B700CEE88D /* DesignPatternsTests */,
				6520A6E02BB50A68004C1DE7 /* Products */,
			);
			sourceTree = "<group>";
		};
		6520A6E02BB50A68004C1DE7 /* Products */ = {
			isa = PBXGroup;
			children = (
				6520A6DF2BB50A68004C1DE7 /* DesignPatterns.app */,
				659DB1732BB7E1B700CEE88D /* DesignPatternsTests.xctest */,
			);
			name = Products;
			sourceTree = "<group>";
		};
		6520A6E12BB50A68004C1DE7 /* DesignPatterns */ = {
			isa = PBXGroup;
			children = (
				6520A6E22BB50A68004C1DE7 /* DesignPatternsApp.swift */,
				6520A6E42BB50A68004C1DE7 /* ContentView.swift */,
				6520A6E62BB50A6C004C1DE7 /* Assets.xcassets */,
				6520A6E82BB50A6C004C1DE7 /* Preview Content */,
			);
			path = DesignPatterns;
			sourceTree = "<group>";
		};
		6520A6E82BB50A6C004C1DE7 /* Preview Content */ = {
			isa = PBXGroup;
			children = (
				659DB17C2BB8892400CEE88D /* Decorators */,
				6520A6F92BB65A6E004C1DE7 /* Proxy */,
				6520A6F22BB5A7EF004C1DE7 /* CommandQuery */,
				6520A6E92BB50A6C004C1DE7 /* Preview Assets.xcassets */,
			);
			path = "Preview Content";
			sourceTree = "<group>";
		};
		6520A6F22BB5A7EF004C1DE7 /* CommandQuery */ = {
			isa = PBXGroup;
			children = (
				6520A6F02BB52869004C1DE7 /* CommandQueryViewModel.swift */,
				6520A6F32BB5A808004C1DE7 /* CommandQueryViolationViewModel.swift */,
				6520A6F52BB5A846004C1DE7 /* ItemDataProvider.swift */,
				6520A6F72BB5A8F5004C1DE7 /* CommandQueryView.swift */,
			);
			path = CommandQuery;
			sourceTree = "<group>";
		};
		6520A6F92BB65A6E004C1DE7 /* Proxy */ = {
			isa = PBXGroup;
			children = (
				6520A6FA2BB65A7F004C1DE7 /* Proxy_MVP.swift */,
			);
			path = Proxy;
			sourceTree = "<group>";
		};
		659DB1742BB7E1B700CEE88D /* DesignPatternsTests */ = {
			isa = PBXGroup;
			children = (
				659DB1752BB7E1B700CEE88D /* ProxyTests.swift */,
				659DB17F2BB89A6B00CEE88D /* DecoratorTests.swift */,
				659DB1832BB8D2AD00CEE88D /* AnalyticsDecoratorTests.swift */,
			);
			path = DesignPatternsTests;
			sourceTree = "<group>";
		};
		659DB17C2BB8892400CEE88D /* Decorators */ = {
			isa = PBXGroup;
			children = (
				659DB17D2BB8894000CEE88D /* MainQueueDecorator.swift */,
				659DB1812BB8C94300CEE88D /* AnalyticsDecorator.swift */,
			);
			path = Decorators;
			sourceTree = "<group>";
		};
/* End PBXGroup section */

/* Begin PBXNativeTarget section */
		6520A6DE2BB50A68004C1DE7 /* DesignPatterns */ = {
			isa = PBXNativeTarget;
			buildConfigurationList = 6520A6ED2BB50A6C004C1DE7 /* Build configuration list for PBXNativeTarget "DesignPatterns" */;
			buildPhases = (
				6520A6DB2BB50A68004C1DE7 /* Sources */,
				6520A6DC2BB50A68004C1DE7 /* Frameworks */,
				6520A6DD2BB50A68004C1DE7 /* Resources */,
			);
			buildRules = (
			);
			dependencies = (
			);
			name = DesignPatterns;
			productName = DesignPatterns;
			productReference = 6520A6DF2BB50A68004C1DE7 /* DesignPatterns.app */;
			productType = "com.apple.product-type.application";
		};
		659DB1722BB7E1B700CEE88D /* DesignPatternsTests */ = {
			isa = PBXNativeTarget;
			buildConfigurationList = 659DB17B2BB7E1B700CEE88D /* Build configuration list for PBXNativeTarget "DesignPatternsTests" */;
			buildPhases = (
				659DB16F2BB7E1B700CEE88D /* Sources */,
				659DB1702BB7E1B700CEE88D /* Frameworks */,
				659DB1712BB7E1B700CEE88D /* Resources */,
			);
			buildRules = (
			);
			dependencies = (
				659DB1782BB7E1B700CEE88D /* PBXTargetDependency */,
			);
			name = DesignPatternsTests;
			productName = DesignPatternsTests;
			productReference = 659DB1732BB7E1B700CEE88D /* DesignPatternsTests.xctest */;
			productType = "com.apple.product-type.bundle.unit-test";
		};
/* End PBXNativeTarget section */

/* Begin PBXProject section */
		6520A6D72BB50A68004C1DE7 /* Project object */ = {
			isa = PBXProject;
			attributes = {
				BuildIndependentTargetsInParallel = 1;
				LastSwiftUpdateCheck = 1530;
				LastUpgradeCheck = 1530;
				TargetAttributes = {
					6520A6DE2BB50A68004C1DE7 = {
						CreatedOnToolsVersion = 15.3;
					};
					659DB1722BB7E1B700CEE88D = {
						CreatedOnToolsVersion = 15.3;
						TestTargetID = 6520A6DE2BB50A68004C1DE7;
					};
				};
			};
			buildConfigurationList = 6520A6DA2BB50A68004C1DE7 /* Build configuration list for PBXProject "DesignPatterns" */;
			compatibilityVersion = "Xcode 14.0";
			developmentRegion = en;
			hasScannedForEncodings = 0;
			knownRegions = (
				en,
				Base,
			);
			mainGroup = 6520A6D62BB50A68004C1DE7;
			productRefGroup = 6520A6E02BB50A68004C1DE7 /* Products */;
			projectDirPath = "";
			projectRoot = "";
			targets = (
				6520A6DE2BB50A68004C1DE7 /* DesignPatterns */,
				659DB1722BB7E1B700CEE88D /* DesignPatternsTests */,
			);
		};
/* End PBXProject section */

/* Begin PBXResourcesBuildPhase section */
		6520A6DD2BB50A68004C1DE7 /* Resources */ = {
			isa = PBXResourcesBuildPhase;
			buildActionMask = 2147483647;
			files = (
				6520A6EA2BB50A6C004C1DE7 /* Preview Assets.xcassets in Resources */,
				6520A6E72BB50A6C004C1DE7 /* Assets.xcassets in Resources */,
			);
			runOnlyForDeploymentPostprocessing = 0;
		};
		659DB1712BB7E1B700CEE88D /* Resources */ = {
			isa = PBXResourcesBuildPhase;
			buildActionMask = 2147483647;
			files = (
			);
			runOnlyForDeploymentPostprocessing = 0;
		};
/* End PBXResourcesBuildPhase section */

/* Begin PBXSourcesBuildPhase section */
		6520A6DB2BB50A68004C1DE7 /* Sources */ = {
			isa = PBXSourcesBuildPhase;
			buildActionMask = 2147483647;
			files = (
				659DB17E2BB8894000CEE88D /* MainQueueDecorator.swift in Sources */,
				6520A6F42BB5A808004C1DE7 /* CommandQueryViolationViewModel.swift in Sources */,
				6520A6F62BB5A846004C1DE7 /* ItemDataProvider.swift in Sources */,
				6520A6E52BB50A68004C1DE7 /* ContentView.swift in Sources */,
				6520A6F12BB52869004C1DE7 /* CommandQueryViewModel.swift in Sources */,
				6520A6FB2BB65A7F004C1DE7 /* Proxy_MVP.swift in Sources */,
				659DB1822BB8C94400CEE88D /* AnalyticsDecorator.swift in Sources */,
				6520A6E32BB50A68004C1DE7 /* DesignPatternsApp.swift in Sources */,
				6520A6F82BB5A8F6004C1DE7 /* CommandQueryView.swift in Sources */,
			);
			runOnlyForDeploymentPostprocessing = 0;
		};
		659DB16F2BB7E1B700CEE88D /* Sources */ = {
			isa = PBXSourcesBuildPhase;
			buildActionMask = 2147483647;
			files = (
				659DB1762BB7E1B700CEE88D /* ProxyTests.swift in Sources */,
				659DB1842BB8D2AD00CEE88D /* AnalyticsDecoratorTests.swift in Sources */,
				659DB1802BB89A6B00CEE88D /* DecoratorTests.swift in Sources */,
			);
			runOnlyForDeploymentPostprocessing = 0;
		};
/* End PBXSourcesBuildPhase section */

/* Begin PBXTargetDependency section */
		659DB1782BB7E1B700CEE88D /* PBXTargetDependency */ = {
			isa = PBXTargetDependency;
			target = 6520A6DE2BB50A68004C1DE7 /* DesignPatterns */;
			targetProxy = 659DB1772BB7E1B700CEE88D /* PBXContainerItemProxy */;
		};
/* End PBXTargetDependency section */

/* Begin XCBuildConfiguration section */
		6520A6EB2BB50A6C004C1DE7 /* Debug */ = {
			isa = XCBuildConfiguration;
			buildSettings = {
				ALWAYS_SEARCH_USER_PATHS = NO;
				ASSETCATALOG_COMPILER_GENERATE_SWIFT_ASSET_SYMBOL_EXTENSIONS = YES;
				CLANG_ANALYZER_NONNULL = YES;
				CLANG_ANALYZER_NUMBER_OBJECT_CONVERSION = YES_AGGRESSIVE;
				CLANG_CXX_LANGUAGE_STANDARD = "gnu++20";
				CLANG_ENABLE_MODULES = YES;
				CLANG_ENABLE_OBJC_ARC = YES;
				CLANG_ENABLE_OBJC_WEAK = YES;
				CLANG_WARN_BLOCK_CAPTURE_AUTORELEASING = YES;
				CLANG_WARN_BOOL_CONVERSION = YES;
				CLANG_WARN_COMMA = YES;
				CLANG_WARN_CONSTANT_CONVERSION = YES;
				CLANG_WARN_DEPRECATED_OBJC_IMPLEMENTATIONS = YES;
				CLANG_WARN_DIRECT_OBJC_ISA_USAGE = YES_ERROR;
				CLANG_WARN_DOCUMENTATION_COMMENTS = YES;
				CLANG_WARN_EMPTY_BODY = YES;
				CLANG_WARN_ENUM_CONVERSION = YES;
				CLANG_WARN_INFINITE_RECURSION = YES;
				CLANG_WARN_INT_CONVERSION = YES;
				CLANG_WARN_NON_LITERAL_NULL_CONVERSION = YES;
				CLANG_WARN_OBJC_IMPLICIT_RETAIN_SELF = YES;
				CLANG_WARN_OBJC_LITERAL_CONVERSION = YES;
				CLANG_WARN_OBJC_ROOT_CLASS = YES_ERROR;
				CLANG_WARN_QUOTED_INCLUDE_IN_FRAMEWORK_HEADER = YES;
				CLANG_WARN_RANGE_LOOP_ANALYSIS = YES;
				CLANG_WARN_STRICT_PROTOTYPES = YES;
				CLANG_WARN_SUSPICIOUS_MOVE = YES;
				CLANG_WARN_UNGUARDED_AVAILABILITY = YES_AGGRESSIVE;
				CLANG_WARN_UNREACHABLE_CODE = YES;
				CLANG_WARN__DUPLICATE_METHOD_MATCH = YES;
				COPY_PHASE_STRIP = NO;
				DEBUG_INFORMATION_FORMAT = dwarf;
				ENABLE_STRICT_OBJC_MSGSEND = YES;
				ENABLE_TESTABILITY = YES;
				ENABLE_USER_SCRIPT_SANDBOXING = YES;
				GCC_C_LANGUAGE_STANDARD = gnu17;
				GCC_DYNAMIC_NO_PIC = NO;
				GCC_NO_COMMON_BLOCKS = YES;
				GCC_OPTIMIZATION_LEVEL = 0;
				GCC_PREPROCESSOR_DEFINITIONS = (
					"DEBUG=1",
					"$(inherited)",
				);
				GCC_WARN_64_TO_32_BIT_CONVERSION = YES;
				GCC_WARN_ABOUT_RETURN_TYPE = YES_ERROR;
				GCC_WARN_UNDECLARED_SELECTOR = YES;
				GCC_WARN_UNINITIALIZED_AUTOS = YES_AGGRESSIVE;
				GCC_WARN_UNUSED_FUNCTION = YES;
				GCC_WARN_UNUSED_VARIABLE = YES;
				IPHONEOS_DEPLOYMENT_TARGET = 17.4;
				LOCALIZATION_PREFERS_STRING_CATALOGS = YES;
				MTL_ENABLE_DEBUG_INFO = INCLUDE_SOURCE;
				MTL_FAST_MATH = YES;
				ONLY_ACTIVE_ARCH = YES;
				SDKROOT = iphoneos;
				SWIFT_ACTIVE_COMPILATION_CONDITIONS = "DEBUG $(inherited)";
				SWIFT_OPTIMIZATION_LEVEL = "-Onone";
			};
			name = Debug;
		};
		6520A6EC2BB50A6C004C1DE7 /* Release */ = {
			isa = XCBuildConfiguration;
			buildSettings = {
				ALWAYS_SEARCH_USER_PATHS = NO;
				ASSETCATALOG_COMPILER_GENERATE_SWIFT_ASSET_SYMBOL_EXTENSIONS = YES;
				CLANG_ANALYZER_NONNULL = YES;
				CLANG_ANALYZER_NUMBER_OBJECT_CONVERSION = YES_AGGRESSIVE;
				CLANG_CXX_LANGUAGE_STANDARD = "gnu++20";
				CLANG_ENABLE_MODULES = YES;
				CLANG_ENABLE_OBJC_ARC = YES;
				CLANG_ENABLE_OBJC_WEAK = YES;
				CLANG_WARN_BLOCK_CAPTURE_AUTORELEASING = YES;
				CLANG_WARN_BOOL_CONVERSION = YES;
				CLANG_WARN_COMMA = YES;
				CLANG_WARN_CONSTANT_CONVERSION = YES;
				CLANG_WARN_DEPRECATED_OBJC_IMPLEMENTATIONS = YES;
				CLANG_WARN_DIRECT_OBJC_ISA_USAGE = YES_ERROR;
				CLANG_WARN_DOCUMENTATION_COMMENTS = YES;
				CLANG_WARN_EMPTY_BODY = YES;
				CLANG_WARN_ENUM_CONVERSION = YES;
				CLANG_WARN_INFINITE_RECURSION = YES;
				CLANG_WARN_INT_CONVERSION = YES;
				CLANG_WARN_NON_LITERAL_NULL_CONVERSION = YES;
				CLANG_WARN_OBJC_IMPLICIT_RETAIN_SELF = YES;
				CLANG_WARN_OBJC_LITERAL_CONVERSION = YES;
				CLANG_WARN_OBJC_ROOT_CLASS = YES_ERROR;
				CLANG_WARN_QUOTED_INCLUDE_IN_FRAMEWORK_HEADER = YES;
				CLANG_WARN_RANGE_LOOP_ANALYSIS = YES;
				CLANG_WARN_STRICT_PROTOTYPES = YES;
				CLANG_WARN_SUSPICIOUS_MOVE = YES;
				CLANG_WARN_UNGUARDED_AVAILABILITY = YES_AGGRESSIVE;
				CLANG_WARN_UNREACHABLE_CODE = YES;
				CLANG_WARN__DUPLICATE_METHOD_MATCH = YES;
				COPY_PHASE_STRIP = NO;
				DEBUG_INFORMATION_FORMAT = "dwarf-with-dsym";
				ENABLE_NS_ASSERTIONS = NO;
				ENABLE_STRICT_OBJC_MSGSEND = YES;
				ENABLE_USER_SCRIPT_SANDBOXING = YES;
				GCC_C_LANGUAGE_STANDARD = gnu17;
				GCC_NO_COMMON_BLOCKS = YES;
				GCC_WARN_64_TO_32_BIT_CONVERSION = YES;
				GCC_WARN_ABOUT_RETURN_TYPE = YES_ERROR;
				GCC_WARN_UNDECLARED_SELECTOR = YES;
				GCC_WARN_UNINITIALIZED_AUTOS = YES_AGGRESSIVE;
				GCC_WARN_UNUSED_FUNCTION = YES;
				GCC_WARN_UNUSED_VARIABLE = YES;
				IPHONEOS_DEPLOYMENT_TARGET = 17.4;
				LOCALIZATION_PREFERS_STRING_CATALOGS = YES;
				MTL_ENABLE_DEBUG_INFO = NO;
				MTL_FAST_MATH = YES;
				SDKROOT = iphoneos;
				SWIFT_COMPILATION_MODE = wholemodule;
				VALIDATE_PRODUCT = YES;
			};
			name = Release;
		};
		6520A6EE2BB50A6C004C1DE7 /* Debug */ = {
			isa = XCBuildConfiguration;
			buildSettings = {
				ASSETCATALOG_COMPILER_APPICON_NAME = AppIcon;
				ASSETCATALOG_COMPILER_GLOBAL_ACCENT_COLOR_NAME = AccentColor;
				CODE_SIGN_STYLE = Automatic;
				CURRENT_PROJECT_VERSION = 1;
				DEVELOPMENT_ASSET_PATHS = "\"DesignPatterns/Preview Content\"";
				DEVELOPMENT_TEAM = ADTR2923N7;
				ENABLE_PREVIEWS = YES;
				GENERATE_INFOPLIST_FILE = YES;
				INFOPLIST_KEY_UIApplicationSceneManifest_Generation = YES;
				INFOPLIST_KEY_UIApplicationSupportsIndirectInputEvents = YES;
				INFOPLIST_KEY_UILaunchScreen_Generation = YES;
				INFOPLIST_KEY_UISupportedInterfaceOrientations_iPad = "UIInterfaceOrientationPortrait UIInterfaceOrientationPortraitUpsideDown UIInterfaceOrientationLandscapeLeft UIInterfaceOrientationLandscapeRight";
				INFOPLIST_KEY_UISupportedInterfaceOrientations_iPhone = "UIInterfaceOrientationPortrait UIInterfaceOrientationLandscapeLeft UIInterfaceOrientationLandscapeRight";
				LD_RUNPATH_SEARCH_PATHS = (
					"$(inherited)",
					"@executable_path/Frameworks",
				);
				MARKETING_VERSION = 1.0;
				PRODUCT_BUNDLE_IDENTIFIER = abdul.DesignPatterns;
				PRODUCT_NAME = "$(TARGET_NAME)";
				SWIFT_EMIT_LOC_STRINGS = YES;
				SWIFT_VERSION = 5.0;
				TARGETED_DEVICE_FAMILY = "1,2";
			};
			name = Debug;
		};
		6520A6EF2BB50A6C004C1DE7 /* Release */ = {
			isa = XCBuildConfiguration;
			buildSettings = {
				ASSETCATALOG_COMPILER_APPICON_NAME = AppIcon;
				ASSETCATALOG_COMPILER_GLOBAL_ACCENT_COLOR_NAME = AccentColor;
				CODE_SIGN_STYLE = Automatic;
				CURRENT_PROJECT_VERSION = 1;
				DEVELOPMENT_ASSET_PATHS = "\"DesignPatterns/Preview Content\"";
				DEVELOPMENT_TEAM = ADTR2923N7;
				ENABLE_PREVIEWS = YES;
				GENERATE_INFOPLIST_FILE = YES;
				INFOPLIST_KEY_UIApplicationSceneManifest_Generation = YES;
				INFOPLIST_KEY_UIApplicationSupportsIndirectInputEvents = YES;
				INFOPLIST_KEY_UILaunchScreen_Generation = YES;
				INFOPLIST_KEY_UISupportedInterfaceOrientations_iPad = "UIInterfaceOrientationPortrait UIInterfaceOrientationPortraitUpsideDown UIInterfaceOrientationLandscapeLeft UIInterfaceOrientationLandscapeRight";
				INFOPLIST_KEY_UISupportedInterfaceOrientations_iPhone = "UIInterfaceOrientationPortrait UIInterfaceOrientationLandscapeLeft UIInterfaceOrientationLandscapeRight";
				LD_RUNPATH_SEARCH_PATHS = (
					"$(inherited)",
					"@executable_path/Frameworks",
				);
				MARKETING_VERSION = 1.0;
				PRODUCT_BUNDLE_IDENTIFIER = abdul.DesignPatterns;
				PRODUCT_NAME = "$(TARGET_NAME)";
				SWIFT_EMIT_LOC_STRINGS = YES;
				SWIFT_VERSION = 5.0;
				TARGETED_DEVICE_FAMILY = "1,2";
			};
			name = Release;
		};
		659DB1792BB7E1B700CEE88D /* Debug */ = {
			isa = XCBuildConfiguration;
			buildSettings = {
				BUNDLE_LOADER = "$(TEST_HOST)";
				CODE_SIGN_STYLE = Automatic;
				CURRENT_PROJECT_VERSION = 1;
				DEVELOPMENT_TEAM = ADTR2923N7;
				GENERATE_INFOPLIST_FILE = YES;
				MARKETING_VERSION = 1.0;
				PRODUCT_BUNDLE_IDENTIFIER = abdul.DesignPatternsTests;
				PRODUCT_NAME = "$(TARGET_NAME)";
				SWIFT_EMIT_LOC_STRINGS = NO;
				SWIFT_VERSION = 5.0;
				TARGETED_DEVICE_FAMILY = "1,2";
				TEST_HOST = "$(BUILT_PRODUCTS_DIR)/DesignPatterns.app/$(BUNDLE_EXECUTABLE_FOLDER_PATH)/DesignPatterns";
			};
			name = Debug;
		};
		659DB17A2BB7E1B700CEE88D /* Release */ = {
			isa = XCBuildConfiguration;
			buildSettings = {
				BUNDLE_LOADER = "$(TEST_HOST)";
				CODE_SIGN_STYLE = Automatic;
				CURRENT_PROJECT_VERSION = 1;
				DEVELOPMENT_TEAM = ADTR2923N7;
				GENERATE_INFOPLIST_FILE = YES;
				MARKETING_VERSION = 1.0;
				PRODUCT_BUNDLE_IDENTIFIER = abdul.DesignPatternsTests;
				PRODUCT_NAME = "$(TARGET_NAME)";
				SWIFT_EMIT_LOC_STRINGS = NO;
				SWIFT_VERSION = 5.0;
				TARGETED_DEVICE_FAMILY = "1,2";
				TEST_HOST = "$(BUILT_PRODUCTS_DIR)/DesignPatterns.app/$(BUNDLE_EXECUTABLE_FOLDER_PATH)/DesignPatterns";
			};
			name = Release;
		};
/* End XCBuildConfiguration section */

/* Begin XCConfigurationList section */
		6520A6DA2BB50A68004C1DE7 /* Build configuration list for PBXProject "DesignPatterns" */ = {
			isa = XCConfigurationList;
			buildConfigurations = (
				6520A6EB2BB50A6C004C1DE7 /* Debug */,
				6520A6EC2BB50A6C004C1DE7 /* Release */,
			);
			defaultConfigurationIsVisible = 0;
			defaultConfigurationName = Release;
		};
		6520A6ED2BB50A6C004C1DE7 /* Build configuration list for PBXNativeTarget "DesignPatterns" */ = {
			isa = XCConfigurationList;
			buildConfigurations = (
				6520A6EE2BB50A6C004C1DE7 /* Debug */,
				6520A6EF2BB50A6C004C1DE7 /* Release */,
			);
			defaultConfigurationIsVisible = 0;
			defaultConfigurationName = Release;
		};
		659DB17B2BB7E1B700CEE88D /* Build configuration list for PBXNativeTarget "DesignPatternsTests" */ = {
			isa = XCConfigurationList;
			buildConfigurations = (
				659DB1792BB7E1B700CEE88D /* Debug */,
				659DB17A2BB7E1B700CEE88D /* Release */,
			);
			defaultConfigurationIsVisible = 0;
			defaultConfigurationName = Release;
		};
/* End XCConfigurationList section */
	};
	rootObject = 6520A6D72BB50A68004C1DE7 /* Project object */;
}
